
Microsoft Visual Studio Solution File, Format Version 12.00
# Visual Studio Version 17
VisualStudioVersion = 17.9.34728.123
MinimumVisualStudioVersion = 10.0.40219.1
Project("{FAE04EC0-301F-11D3-BF4B-00C04F79EFBC}") = "List View", "List View\List View.csproj", "{BBA893E3-DBD7-45DE-B65F-A933EBE93F6D}"
EndProject
Global
	GlobalSection(SolutionConfigurationPlatforms) = preSolution
		Debug|Any CPU = Debug|Any CPU
		Release|Any CPU = Release|Any CPU
	EndGlobalSection
	GlobalSection(ProjectConfigurationPlatforms) = postSolution
		{BBA893E3-DBD7-45DE-B65F-A933EBE93F6D}.Debug|Any CPU.ActiveCfg = Debug|Any CPU
		{BBA893E3-DBD7-45DE-B65F-A933EBE93F6D}.Debug|Any CPU.Build.0 = Debug|Any CPU
		{BBA893E3-DBD7-45DE-B65F-A933EBE93F6D}.Release|Any CPU.ActiveCfg = Release|Any CPU
		{BBA893E3-DBD7-45DE-B65F-A933EBE93F6D}.Release|Any CPU.Build.0 = Release|Any CPU
	EndGlobalSection
	GlobalSection(SolutionProperties) = preSolution
		HideSolutionNode = FALSE
	EndGlobalSection
	GlobalSection(ExtensibilityGlobals) = postSolution
		SolutionGuid = {8CC28D4E-0ECF-46A2-8930-2FDA0C5B0E80}
	EndGlobalSection
EndGlobal
